
Microsoft Visual Studio Solution File, Format Version 12.00
# Visual Studio Version 16
VisualStudioVersion = 16.0.29123.88
MinimumVisualStudioVersion = 10.0.40219.1
Project("{FAE04EC0-301F-11D3-BF4B-00C04F79EFBC}") = "ZkfpHelp", "ZkfpHelp\ZkfpHelp.csproj", "{DFCF1AA7-F80E-4845-B994-BE48FC455292}"
EndProject
Project("{FAE04EC0-301F-11D3-BF4B-00C04F79EFBC}") = "ZkfpDemo", "ZkfpDemo\ZkfpDemo.csproj", "{09FD014E-1A06-433B-A714-0ED9DAA2F405}"
	ProjectSection(ProjectDependencies) = postProject
		{DFCF1AA7-F80E-4845-B994-BE48FC455292} = {DFCF1AA7-F80E-4845-B994-BE48FC455292}
	EndProjectSection
EndProject
Global
	GlobalSection(SolutionConfigurationPlatforms) = preSolution
		Debug|Any CPU = Debug|Any CPU
		Release|Any CPU = Release|Any CPU
	EndGlobalSection
	GlobalSection(ProjectConfigurationPlatforms) = postSolution
		{DFCF1AA7-F80E-4845-B994-BE48FC455292}.Debug|Any CPU.ActiveCfg = Debug|Any CPU
		{DFCF1AA7-F80E-4845-B994-BE48FC455292}.Debug|Any CPU.Build.0 = Debug|Any CPU
		{DFCF1AA7-F80E-4845-B994-BE48FC455292}.Release|Any CPU.ActiveCfg = Release|Any CPU
		{DFCF1AA7-F80E-4845-B994-BE48FC455292}.Release|Any CPU.Build.0 = Release|Any CPU
		{09FD014E-1A06-433B-A714-0ED9DAA2F405}.Debug|Any CPU.ActiveCfg = Debug|Any CPU
		{09FD014E-1A06-433B-A714-0ED9DAA2F405}.Debug|Any CPU.Build.0 = Debug|Any CPU
		{09FD014E-1A06-433B-A714-0ED9DAA2F405}.Release|Any CPU.ActiveCfg = Release|Any CPU
		{09FD014E-1A06-433B-A714-0ED9DAA2F405}.Release|Any CPU.Build.0 = Release|Any CPU
	EndGlobalSection
	GlobalSection(SolutionProperties) = preSolution
		HideSolutionNode = FALSE
	EndGlobalSection
	GlobalSection(ExtensibilityGlobals) = postSolution
		SolutionGuid = {800F924E-B7B4-44AB-A79B-6C9520AF00F8}
	EndGlobalSection
EndGlobal
